
Microsoft Visual Studio Solution File, Format Version 12.00
# Visual Studio Version 17
VisualStudioVersion = 17.5.33424.131
MinimumVisualStudioVersion = 10.0.40219.1
Project("{9A19103F-16F7-4668-BE54-9A1E7A4F7556}") = "Business", "Business\Business.csproj", "{FB38C1B4-4644-4717-B3E4-E00F3B38200B}"
EndProject
Project("{9A19103F-16F7-4668-BE54-9A1E7A4F7556}") = "DataAccess", "DataAccess\DataAccess.csproj", "{B175D836-9ACE-4FEF-924F-574CB2AD2DF1}"
EndProject
Project("{FAE04EC0-301F-11D3-BF4B-00C04F79EFBC}") = "Core", "Core\Core.csproj", "{F07475E8-5969-414B-A7DF-51683C5CC971}"
EndProject
Project("{FAE04EC0-301F-11D3-BF4B-00C04F79EFBC}") = "Entities", "Entities\Entities.csproj", "{1CF2C6E6-B5DD-4B81-B177-49D5E5E62367}"
EndProject
Project("{FAE04EC0-301F-11D3-BF4B-00C04F79EFBC}") = "WebAPI", "WebAPI\WebAPI.csproj", "{9B61CF82-8138-4262-9752-99B04379954A}"
EndProject
Global
	GlobalSection(SolutionConfigurationPlatforms) = preSolution
		Debug|Any CPU = Debug|Any CPU
		Release|Any CPU = Release|Any CPU
	EndGlobalSection
	GlobalSection(ProjectConfigurationPlatforms) = postSolution
		{FB38C1B4-4644-4717-B3E4-E00F3B38200B}.Debug|Any CPU.ActiveCfg = Debug|Any CPU
		{FB38C1B4-4644-4717-B3E4-E00F3B38200B}.Debug|Any CPU.Build.0 = Debug|Any CPU
		{FB38C1B4-4644-4717-B3E4-E00F3B38200B}.Release|Any CPU.ActiveCfg = Release|Any CPU
		{FB38C1B4-4644-4717-B3E4-E00F3B38200B}.Release|Any CPU.Build.0 = Release|Any CPU
		{B175D836-9ACE-4FEF-924F-574CB2AD2DF1}.Debug|Any CPU.ActiveCfg = Debug|Any CPU
		{B175D836-9ACE-4FEF-924F-574CB2AD2DF1}.Debug|Any CPU.Build.0 = Debug|Any CPU
		{B175D836-9ACE-4FEF-924F-574CB2AD2DF1}.Release|Any CPU.ActiveCfg = Release|Any CPU
		{B175D836-9ACE-4FEF-924F-574CB2AD2DF1}.Release|Any CPU.Build.0 = Release|Any CPU
		{F07475E8-5969-414B-A7DF-51683C5CC971}.Debug|Any CPU.ActiveCfg = Debug|Any CPU
		{F07475E8-5969-414B-A7DF-51683C5CC971}.Debug|Any CPU.Build.0 = Debug|Any CPU
		{F07475E8-5969-414B-A7DF-51683C5CC971}.Release|Any CPU.ActiveCfg = Release|Any CPU
		{F07475E8-5969-414B-A7DF-51683C5CC971}.Release|Any CPU.Build.0 = Release|Any CPU
		{1CF2C6E6-B5DD-4B81-B177-49D5E5E62367}.Debug|Any CPU.ActiveCfg = Debug|Any CPU
		{1CF2C6E6-B5DD-4B81-B177-49D5E5E62367}.Debug|Any CPU.Build.0 = Debug|Any CPU
		{1CF2C6E6-B5DD-4B81-B177-49D5E5E62367}.Release|Any CPU.ActiveCfg = Release|Any CPU
		{1CF2C6E6-B5DD-4B81-B177-49D5E5E62367}.Release|Any CPU.Build.0 = Release|Any CPU
		{9B61CF82-8138-4262-9752-99B04379954A}.Debug|Any CPU.ActiveCfg = Debug|Any CPU
		{9B61CF82-8138-4262-9752-99B04379954A}.Debug|Any CPU.Build.0 = Debug|Any CPU
		{9B61CF82-8138-4262-9752-99B04379954A}.Release|Any CPU.ActiveCfg = Release|Any CPU
		{9B61CF82-8138-4262-9752-99B04379954A}.Release|Any CPU.Build.0 = Release|Any CPU
	EndGlobalSection
	GlobalSection(SolutionProperties) = preSolution
		HideSolutionNode = FALSE
	EndGlobalSection
	GlobalSection(ExtensibilityGlobals) = postSolution
		SolutionGuid = {4D9C9159-3EE9-4CB7-9A4C-1A713FE99331}
	EndGlobalSection
EndGlobal
